
Microsoft Visual Studio Solution File, Format Version 12.00
# Visual Studio Version 17
VisualStudioVersion = 17.2.32630.192
MinimumVisualStudioVersion = 10.0.40219.1
Project("{9A19103F-16F7-4668-BE54-9A1E7A4F7556}") = "ConquerServer", "ConquerServer\ConquerServer.csproj", "{6B83A09C-2CAD-4D53-ACC7-287FFBE0584C}"
EndProject
Project("{8BC9CEB8-8B4A-11D0-8D11-00A0C91BC942}") = "Hook", "CSV3Hook\CSV3Hook.vcxproj", "{01358812-493C-4A24-8630-F71DF28D47D8}"
EndProject
Project("{8BC9CEB8-8B4A-11D0-8D11-00A0C91BC942}") = "Launcher", "launcher\launcher.vcxproj", "{9E4A2D65-27F0-483C-B194-433026A8700B}"
EndProject
Project("{9A19103F-16F7-4668-BE54-9A1E7A4F7556}") = "ConquerServer.Network", "ConquerServer.Network\ConquerServer.Network.csproj", "{AED0D7C7-455F-42C5-B6DC-812B465BB0B3}"
EndProject
Project("{9A19103F-16F7-4668-BE54-9A1E7A4F7556}") = "ConquerServer.Shared", "ConquerServer.Shared\ConquerServer.Shared.csproj", "{C2BC9BB7-DB27-4232-8C5D-4C398DBF368A}"
EndProject
Project("{FAE04EC0-301F-11D3-BF4B-00C04F79EFBC}") = "ConquerServer.Tools", "ConquerServer.Tools\ConquerServer.Tools.csproj", "{68EFA559-DDDB-469B-9FAE-49DD66489BAA}"
EndProject
Global
	GlobalSection(SolutionConfigurationPlatforms) = preSolution
		Debug|Any CPU = Debug|Any CPU
		Debug|x86 = Debug|x86
		nT Debug|Any CPU = nT Debug|Any CPU
		nT Debug|x86 = nT Debug|x86
		Release|Any CPU = Release|Any CPU
		Release|x86 = Release|x86
	EndGlobalSection
	GlobalSection(ProjectConfigurationPlatforms) = postSolution
		{6B83A09C-2CAD-4D53-ACC7-287FFBE0584C}.Debug|Any CPU.ActiveCfg = Debug|Any CPU
		{6B83A09C-2CAD-4D53-ACC7-287FFBE0584C}.Debug|Any CPU.Build.0 = Debug|Any CPU
		{6B83A09C-2CAD-4D53-ACC7-287FFBE0584C}.Debug|x86.ActiveCfg = Debug|Any CPU
		{6B83A09C-2CAD-4D53-ACC7-287FFBE0584C}.Debug|x86.Build.0 = Debug|Any CPU
		{6B83A09C-2CAD-4D53-ACC7-287FFBE0584C}.nT Debug|Any CPU.ActiveCfg = Debug|Any CPU
		{6B83A09C-2CAD-4D53-ACC7-287FFBE0584C}.nT Debug|Any CPU.Build.0 = Debug|Any CPU
		{6B83A09C-2CAD-4D53-ACC7-287FFBE0584C}.nT Debug|x86.ActiveCfg = Debug|Any CPU
		{6B83A09C-2CAD-4D53-ACC7-287FFBE0584C}.nT Debug|x86.Build.0 = Debug|Any CPU
		{6B83A09C-2CAD-4D53-ACC7-287FFBE0584C}.Release|Any CPU.ActiveCfg = Release|Any CPU
		{6B83A09C-2CAD-4D53-ACC7-287FFBE0584C}.Release|Any CPU.Build.0 = Release|Any CPU
		{6B83A09C-2CAD-4D53-ACC7-287FFBE0584C}.Release|x86.ActiveCfg = Release|Any CPU
		{6B83A09C-2CAD-4D53-ACC7-287FFBE0584C}.Release|x86.Build.0 = Release|Any CPU
		{01358812-493C-4A24-8630-F71DF28D47D8}.Debug|Any CPU.ActiveCfg = Debug|Win32
		{01358812-493C-4A24-8630-F71DF28D47D8}.Debug|x86.ActiveCfg = Debug|Win32
		{01358812-493C-4A24-8630-F71DF28D47D8}.Debug|x86.Build.0 = Debug|Win32
		{01358812-493C-4A24-8630-F71DF28D47D8}.nT Debug|Any CPU.ActiveCfg = nT Debug|Win32
		{01358812-493C-4A24-8630-F71DF28D47D8}.nT Debug|x86.ActiveCfg = nT Debug|Win32
		{01358812-493C-4A24-8630-F71DF28D47D8}.nT Debug|x86.Build.0 = nT Debug|Win32
		{01358812-493C-4A24-8630-F71DF28D47D8}.Release|Any CPU.ActiveCfg = Release|Win32
		{01358812-493C-4A24-8630-F71DF28D47D8}.Release|x86.ActiveCfg = Release|Win32
		{01358812-493C-4A24-8630-F71DF28D47D8}.Release|x86.Build.0 = Release|Win32
		{9E4A2D65-27F0-483C-B194-433026A8700B}.Debug|Any CPU.ActiveCfg = Debug|Win32
		{9E4A2D65-27F0-483C-B194-433026A8700B}.Debug|x86.ActiveCfg = Debug|Win32
		{9E4A2D65-27F0-483C-B194-433026A8700B}.Debug|x86.Build.0 = Debug|Win32
		{9E4A2D65-27F0-483C-B194-433026A8700B}.nT Debug|Any CPU.ActiveCfg = nT Debug|Win32
		{9E4A2D65-27F0-483C-B194-433026A8700B}.nT Debug|x86.ActiveCfg = nT Debug|Win32
		{9E4A2D65-27F0-483C-B194-433026A8700B}.nT Debug|x86.Build.0 = nT Debug|Win32
		{9E4A2D65-27F0-483C-B194-433026A8700B}.Release|Any CPU.ActiveCfg = Release|Win32
		{9E4A2D65-27F0-483C-B194-433026A8700B}.Release|x86.ActiveCfg = Release|Win32
		{9E4A2D65-27F0-483C-B194-433026A8700B}.Release|x86.Build.0 = Release|Win32
		{AED0D7C7-455F-42C5-B6DC-812B465BB0B3}.Debug|Any CPU.ActiveCfg = Debug|Any CPU
		{AED0D7C7-455F-42C5-B6DC-812B465BB0B3}.Debug|Any CPU.Build.0 = Debug|Any CPU
		{AED0D7C7-455F-42C5-B6DC-812B465BB0B3}.Debug|x86.ActiveCfg = Debug|Any CPU
		{AED0D7C7-455F-42C5-B6DC-812B465BB0B3}.Debug|x86.Build.0 = Debug|Any CPU
		{AED0D7C7-455F-42C5-B6DC-812B465BB0B3}.nT Debug|Any CPU.ActiveCfg = Debug|Any CPU
		{AED0D7C7-455F-42C5-B6DC-812B465BB0B3}.nT Debug|Any CPU.Build.0 = Debug|Any CPU
		{AED0D7C7-455F-42C5-B6DC-812B465BB0B3}.nT Debug|x86.ActiveCfg = Debug|Any CPU
		{AED0D7C7-455F-42C5-B6DC-812B465BB0B3}.nT Debug|x86.Build.0 = Debug|Any CPU
		{AED0D7C7-455F-42C5-B6DC-812B465BB0B3}.Release|Any CPU.ActiveCfg = Release|Any CPU
		{AED0D7C7-455F-42C5-B6DC-812B465BB0B3}.Release|Any CPU.Build.0 = Release|Any CPU
		{AED0D7C7-455F-42C5-B6DC-812B465BB0B3}.Release|x86.ActiveCfg = Release|Any CPU
		{AED0D7C7-455F-42C5-B6DC-812B465BB0B3}.Release|x86.Build.0 = Release|Any CPU
		{C2BC9BB7-DB27-4232-8C5D-4C398DBF368A}.Debug|Any CPU.ActiveCfg = Debug|Any CPU
		{C2BC9BB7-DB27-4232-8C5D-4C398DBF368A}.Debug|Any CPU.Build.0 = Debug|Any CPU
		{C2BC9BB7-DB27-4232-8C5D-4C398DBF368A}.Debug|x86.ActiveCfg = Debug|Any CPU
		{C2BC9BB7-DB27-4232-8C5D-4C398DBF368A}.Debug|x86.Build.0 = Debug|Any CPU
		{C2BC9BB7-DB27-4232-8C5D-4C398DBF368A}.nT Debug|Any CPU.ActiveCfg = Debug|Any CPU
		{C2BC9BB7-DB27-4232-8C5D-4C398DBF368A}.nT Debug|Any CPU.Build.0 = Debug|Any CPU
		{C2BC9BB7-DB27-4232-8C5D-4C398DBF368A}.nT Debug|x86.ActiveCfg = Debug|Any CPU
		{C2BC9BB7-DB27-4232-8C5D-4C398DBF368A}.nT Debug|x86.Build.0 = Debug|Any CPU
		{C2BC9BB7-DB27-4232-8C5D-4C398DBF368A}.Release|Any CPU.ActiveCfg = Release|Any CPU
		{C2BC9BB7-DB27-4232-8C5D-4C398DBF368A}.Release|Any CPU.Build.0 = Release|Any CPU
		{C2BC9BB7-DB27-4232-8C5D-4C398DBF368A}.Release|x86.ActiveCfg = Release|Any CPU
		{C2BC9BB7-DB27-4232-8C5D-4C398DBF368A}.Release|x86.Build.0 = Release|Any CPU
		{68EFA559-DDDB-469B-9FAE-49DD66489BAA}.Debug|Any CPU.ActiveCfg = Debug|Any CPU
		{68EFA559-DDDB-469B-9FAE-49DD66489BAA}.Debug|Any CPU.Build.0 = Debug|Any CPU
		{68EFA559-DDDB-469B-9FAE-49DD66489BAA}.Debug|x86.ActiveCfg = Debug|Any CPU
		{68EFA559-DDDB-469B-9FAE-49DD66489BAA}.Debug|x86.Build.0 = Debug|Any CPU
		{68EFA559-DDDB-469B-9FAE-49DD66489BAA}.nT Debug|Any CPU.ActiveCfg = Debug|Any CPU
		{68EFA559-DDDB-469B-9FAE-49DD66489BAA}.nT Debug|Any CPU.Build.0 = Debug|Any CPU
		{68EFA559-DDDB-469B-9FAE-49DD66489BAA}.nT Debug|x86.ActiveCfg = Debug|Any CPU
		{68EFA559-DDDB-469B-9FAE-49DD66489BAA}.nT Debug|x86.Build.0 = Debug|Any CPU
		{68EFA559-DDDB-469B-9FAE-49DD66489BAA}.Release|Any CPU.ActiveCfg = Release|Any CPU
		{68EFA559-DDDB-469B-9FAE-49DD66489BAA}.Release|Any CPU.Build.0 = Release|Any CPU
		{68EFA559-DDDB-469B-9FAE-49DD66489BAA}.Release|x86.ActiveCfg = Release|Any CPU
		{68EFA559-DDDB-469B-9FAE-49DD66489BAA}.Release|x86.Build.0 = Release|Any CPU
	EndGlobalSection
	GlobalSection(SolutionProperties) = preSolution
		HideSolutionNode = FALSE
	EndGlobalSection
	GlobalSection(ExtensibilityGlobals) = postSolution
		SolutionGuid = {A3BD5816-2DD9-455E-98BA-38A8A492E8E9}
	EndGlobalSection
EndGlobal
